{
  "requires": true,
  "lockfileVersion": 1,
  "dependencies": {
    "caniuse-lite": {
      "version": "1.0.30001023",
      "resolved": "https://registry.npmjs.org/caniuse-lite/-/caniuse-lite-1.0.30001023.tgz",
      "integrity": "sha512-C5TDMiYG11EOhVOA62W1p3UsJ2z4DsHtMBQtjzp3ZsUglcQn62WOUgW0y795c7A5uZ+GCEIvzkMatLIlAsbNTA=="
    }
  }
}
