
Microsoft Visual Studio Solution File, Format Version 12.00
# Visual Studio 15
VisualStudioVersion = 15.0.28307.705
MinimumVisualStudioVersion = 10.0.40219.1
Project("{9A19103F-16F7-4668-BE54-9A1E7A4F7556}") = "iNube.Edelweiss.NightSchedule.AwsLambda", "iNube.Edelweiss.NightSchedule.AwsLambda\iNube.Edelweiss.NightSchedule.AwsLambda.csproj", "{D8736E5C-325F-45B9-934E-D6FE2E7DE45C}"
EndProject
Global
	GlobalSection(SolutionConfigurationPlatforms) = preSolution
		Debug|Any CPU = Debug|Any CPU
		Release|Any CPU = Release|Any CPU
	EndGlobalSection
	GlobalSection(ProjectConfigurationPlatforms) = postSolution
		{D8736E5C-325F-45B9-934E-D6FE2E7DE45C}.Debug|Any CPU.ActiveCfg = Debug|Any CPU
		{D8736E5C-325F-45B9-934E-D6FE2E7DE45C}.Debug|Any CPU.Build.0 = Debug|Any CPU
		{D8736E5C-325F-45B9-934E-D6FE2E7DE45C}.Release|Any CPU.ActiveCfg = Release|Any CPU
		{D8736E5C-325F-45B9-934E-D6FE2E7DE45C}.Release|Any CPU.Build.0 = Release|Any CPU
	EndGlobalSection
	GlobalSection(SolutionProperties) = preSolution
		HideSolutionNode = FALSE
	EndGlobalSection
	GlobalSection(ExtensibilityGlobals) = postSolution
		SolutionGuid = {FD185463-9346-4D24-A54B-257F50ACC138}
	EndGlobalSection
EndGlobal
