
Microsoft Visual Studio Solution File, Format Version 12.00
# Visual Studio 15
VisualStudioVersion = 15.0.28307.705
MinimumVisualStudioVersion = 10.0.40219.1
Project("{9A19103F-16F7-4668-BE54-9A1E7A4F7556}") = "iNube.Edelweiss.SIScheduler.AwsLambda", "iNube.Edelweiss.SIScheduler.AwsLambda.csproj", "{5FEA4EBA-DD7A-4397-8239-C7EF0B13815D}"
EndProject
Global
	GlobalSection(SolutionConfigurationPlatforms) = preSolution
		Debug|Any CPU = Debug|Any CPU
		Release|Any CPU = Release|Any CPU
	EndGlobalSection
	GlobalSection(ProjectConfigurationPlatforms) = postSolution
		{5FEA4EBA-DD7A-4397-8239-C7EF0B13815D}.Debug|Any CPU.ActiveCfg = Debug|Any CPU
		{5FEA4EBA-DD7A-4397-8239-C7EF0B13815D}.Debug|Any CPU.Build.0 = Debug|Any CPU
		{5FEA4EBA-DD7A-4397-8239-C7EF0B13815D}.Release|Any CPU.ActiveCfg = Release|Any CPU
		{5FEA4EBA-DD7A-4397-8239-C7EF0B13815D}.Release|Any CPU.Build.0 = Release|Any CPU
	EndGlobalSection
	GlobalSection(SolutionProperties) = preSolution
		HideSolutionNode = FALSE
	EndGlobalSection
	GlobalSection(ExtensibilityGlobals) = postSolution
		SolutionGuid = {E989CB3C-CF4D-4ABA-81DE-F4BC36116E68}
	EndGlobalSection
EndGlobal
