
Microsoft Visual Studio Solution File, Format Version 12.00
# Visual Studio 15
VisualStudioVersion = 15.0.28307.168
MinimumVisualStudioVersion = 10.0.40219.1
Project("{9A19103F-16F7-4668-BE54-9A1E7A4F7556}") = "iNube.Components.RuleEngine", "iNube.Components.RuleEngine\iNube.Components.RuleEngine.csproj", "{0966FEB8-C50E-4FF6-8E01-B1486A31EFD4}"
EndProject
Project("{9A19103F-16F7-4668-BE54-9A1E7A4F7556}") = "iNube.Components.BPM", "iNube.Components.BPM\iNube.Components.BPM.csproj", "{3A556B91-68C0-42C6-AA30-0D59138559FC}"
EndProject
Project("{9A19103F-16F7-4668-BE54-9A1E7A4F7556}") = "iNube.Components.Workflow", "iNube.Components.Workflow\iNube.Components.Workflow.csproj", "{F4A52525-EB96-47C1-B577-B4AE900A3B4F}"
EndProject
Project("{FAE04EC0-301F-11D3-BF4B-00C04F79EFBC}") = "iNube.Components.Scheduler", "iNube.Components.Scheduler\iNube.Components.Scheduler.csproj", "{21F7400C-2F72-45CB-B4D5-F2D22D7C818B}"
EndProject
Global
	GlobalSection(SolutionConfigurationPlatforms) = preSolution
		Debug|Any CPU = Debug|Any CPU
		Release|Any CPU = Release|Any CPU
	EndGlobalSection
	GlobalSection(ProjectConfigurationPlatforms) = postSolution
		{0966FEB8-C50E-4FF6-8E01-B1486A31EFD4}.Debug|Any CPU.ActiveCfg = Debug|Any CPU
		{0966FEB8-C50E-4FF6-8E01-B1486A31EFD4}.Debug|Any CPU.Build.0 = Debug|Any CPU
		{0966FEB8-C50E-4FF6-8E01-B1486A31EFD4}.Release|Any CPU.ActiveCfg = Release|Any CPU
		{0966FEB8-C50E-4FF6-8E01-B1486A31EFD4}.Release|Any CPU.Build.0 = Release|Any CPU
		{3A556B91-68C0-42C6-AA30-0D59138559FC}.Debug|Any CPU.ActiveCfg = Debug|Any CPU
		{3A556B91-68C0-42C6-AA30-0D59138559FC}.Debug|Any CPU.Build.0 = Debug|Any CPU
		{3A556B91-68C0-42C6-AA30-0D59138559FC}.Release|Any CPU.ActiveCfg = Release|Any CPU
		{3A556B91-68C0-42C6-AA30-0D59138559FC}.Release|Any CPU.Build.0 = Release|Any CPU
		{F4A52525-EB96-47C1-B577-B4AE900A3B4F}.Debug|Any CPU.ActiveCfg = Debug|Any CPU
		{F4A52525-EB96-47C1-B577-B4AE900A3B4F}.Debug|Any CPU.Build.0 = Debug|Any CPU
		{F4A52525-EB96-47C1-B577-B4AE900A3B4F}.Release|Any CPU.ActiveCfg = Release|Any CPU
		{F4A52525-EB96-47C1-B577-B4AE900A3B4F}.Release|Any CPU.Build.0 = Release|Any CPU
		{21F7400C-2F72-45CB-B4D5-F2D22D7C818B}.Debug|Any CPU.ActiveCfg = Debug|Any CPU
		{21F7400C-2F72-45CB-B4D5-F2D22D7C818B}.Debug|Any CPU.Build.0 = Debug|Any CPU
		{21F7400C-2F72-45CB-B4D5-F2D22D7C818B}.Release|Any CPU.ActiveCfg = Release|Any CPU
		{21F7400C-2F72-45CB-B4D5-F2D22D7C818B}.Release|Any CPU.Build.0 = Release|Any CPU
	EndGlobalSection
	GlobalSection(SolutionProperties) = preSolution
		HideSolutionNode = FALSE
	EndGlobalSection
	GlobalSection(ExtensibilityGlobals) = postSolution
		SolutionGuid = {68CA7EA8-2573-4101-ACE3-DB50E4750106}
	EndGlobalSection
EndGlobal
