
Microsoft Visual Studio Solution File, Format Version 12.00
# Visual Studio 15
VisualStudioVersion = 15.0.28307.329
MinimumVisualStudioVersion = 10.0.40219.1
Project("{FAE04EC0-301F-11D3-BF4B-00C04F79EFBC}") = "iNube.Components.RuleEngine", "iNube.Components.RuleEngine\iNube.Components.RuleEngine.csproj", "{83DFE94D-E7D9-42A7-9B43-7DE9D91CA103}"
EndProject
Global
	GlobalSection(SolutionConfigurationPlatforms) = preSolution
		Debug|Any CPU = Debug|Any CPU
		Release|Any CPU = Release|Any CPU
	EndGlobalSection
	GlobalSection(ProjectConfigurationPlatforms) = postSolution
		{83DFE94D-E7D9-42A7-9B43-7DE9D91CA103}.Debug|Any CPU.ActiveCfg = Debug|Any CPU
		{83DFE94D-E7D9-42A7-9B43-7DE9D91CA103}.Debug|Any CPU.Build.0 = Debug|Any CPU
		{83DFE94D-E7D9-42A7-9B43-7DE9D91CA103}.Release|Any CPU.ActiveCfg = Release|Any CPU
		{83DFE94D-E7D9-42A7-9B43-7DE9D91CA103}.Release|Any CPU.Build.0 = Release|Any CPU
	EndGlobalSection
	GlobalSection(SolutionProperties) = preSolution
		HideSolutionNode = FALSE
	EndGlobalSection
	GlobalSection(ExtensibilityGlobals) = postSolution
		SolutionGuid = {7413E52B-3042-48D8-BEE5-E59A378F53EE}
	EndGlobalSection
EndGlobal
