
Microsoft Visual Studio Solution File, Format Version 12.00
# Visual Studio 15
VisualStudioVersion = 15.0.28307.705
MinimumVisualStudioVersion = 10.0.40219.1
Project("{9A19103F-16F7-4668-BE54-9A1E7A4F7556}") = "iNube.Edelweiss.PolicyActive.AwsLambda", "iNube.Edelweiss.PolicyActive.AwsLambda\iNube.Edelweiss.PolicyActive.AwsLambda.csproj", "{788A6FF9-4084-4653-A69F-D79BAE4D34F5}"
EndProject
Global
	GlobalSection(SolutionConfigurationPlatforms) = preSolution
		Debug|Any CPU = Debug|Any CPU
		Release|Any CPU = Release|Any CPU
	EndGlobalSection
	GlobalSection(ProjectConfigurationPlatforms) = postSolution
		{788A6FF9-4084-4653-A69F-D79BAE4D34F5}.Debug|Any CPU.ActiveCfg = Debug|Any CPU
		{788A6FF9-4084-4653-A69F-D79BAE4D34F5}.Debug|Any CPU.Build.0 = Debug|Any CPU
		{788A6FF9-4084-4653-A69F-D79BAE4D34F5}.Release|Any CPU.ActiveCfg = Release|Any CPU
		{788A6FF9-4084-4653-A69F-D79BAE4D34F5}.Release|Any CPU.Build.0 = Release|Any CPU
	EndGlobalSection
	GlobalSection(SolutionProperties) = preSolution
		HideSolutionNode = FALSE
	EndGlobalSection
	GlobalSection(ExtensibilityGlobals) = postSolution
		SolutionGuid = {6EE33972-3A60-4A2B-A9B2-98E1C9FD9DE8}
	EndGlobalSection
EndGlobal
